// !$*UTF8*$!
{
	archiveVersion = 1;
	classes = {
	};
	objectVersion = 46;
	objects = {

/* Begin PBXBuildFile section */
		8114A1091CD7DF6300C60419 /* AppDelegate.swift in Sources */ = {isa = PBXBuildFile; fileRef = 8114A1081CD7DF6300C60419 /* AppDelegate.swift */; };
		8114A10B1CD7DF6300C60419 /* BTDevicesListViewController.swift in Sources */ = {isa = PBXBuildFile; fileRef = 8114A10A1CD7DF6300C60419 /* BTDevicesListViewController.swift */; };
		8114A10E1CD7DF6300C60419 /* Main.storyboard in Resources */ = {isa = PBXBuildFile; fileRef = 8114A10C1CD7DF6300C60419 /* Main.storyboard */; };
		8114A1101CD7DF6300C60419 /* Assets.xcassets in Resources */ = {isa = PBXBuildFile; fileRef = 8114A10F1CD7DF6300C60419 /* Assets.xcassets */; };
		8114A1131CD7DF6300C60419 /* LaunchScreen.storyboard in Resources */ = {isa = PBXBuildFile; fileRef = 8114A1111CD7DF6300C60419 /* LaunchScreen.storyboard */; };
		8114A11B1CD7E03600C60419 /* BTDataModel.swift in Sources */ = {isa = PBXBuildFile; fileRef = 8114A11A1CD7E03600C60419 /* BTDataModel.swift */; };
		8114A11D1CD7E05E00C60419 /* CoreBluetooth.framework in Frameworks */ = {isa = PBXBuildFile; fileRef = 8114A11C1CD7E05E00C60419 /* CoreBluetooth.framework */; };
		818E66D41CD8B086007A09C8 /* Fabric.framework in Frameworks */ = {isa = PBXBuildFile; fileRef = 818E66D21CD8B086007A09C8 /* Fabric.framework */; };
		818E66D51CD8B086007A09C8 /* Crashlytics.framework in Frameworks */ = {isa = PBXBuildFile; fileRef = 818E66D31CD8B086007A09C8 /* Crashlytics.framework */; };
/* End PBXBuildFile section */

/* Begin PBXFileReference section */
		8114A1051CD7DF6300C60419 /* bluetooth-test.app */ = {isa = PBXFileReference; explicitFileType = wrapper.application; includeInIndex = 0; path = "bluetooth-test.app"; sourceTree = BUILT_PRODUCTS_DIR; };
		8114A1081CD7DF6300C60419 /* AppDelegate.swift */ = {isa = PBXFileReference; lastKnownFileType = sourcecode.swift; path = AppDelegate.swift; sourceTree = "<group>"; };
		8114A10A1CD7DF6300C60419 /* BTDevicesListViewController.swift */ = {isa = PBXFileReference; lastKnownFileType = sourcecode.swift; path = BTDevicesListViewController.swift; sourceTree = "<group>"; };
		8114A10D1CD7DF6300C60419 /* Base */ = {isa = PBXFileReference; lastKnownFileType = file.storyboard; name = Base; path = Base.lproj/Main.storyboard; sourceTree = "<group>"; };
		8114A10F1CD7DF6300C60419 /* Assets.xcassets */ = {isa = PBXFileReference; lastKnownFileType = folder.assetcatalog; path = Assets.xcassets; sourceTree = "<group>"; };
		8114A1121CD7DF6300C60419 /* Base */ = {isa = PBXFileReference; lastKnownFileType = file.storyboard; name = Base; path = Base.lproj/LaunchScreen.storyboard; sourceTree = "<group>"; };
		8114A1141CD7DF6300C60419 /* Info.plist */ = {isa = PBXFileReference; lastKnownFileType = text.plist.xml; path = Info.plist; sourceTree = "<group>"; };
		8114A11A1CD7E03600C60419 /* BTDataModel.swift */ = {isa = PBXFileReference; fileEncoding = 4; lastKnownFileType = sourcecode.swift; path = BTDataModel.swift; sourceTree = "<group>"; };
		8114A11C1CD7E05E00C60419 /* CoreBluetooth.framework */ = {isa = PBXFileReference; lastKnownFileType = wrapper.framework; name = CoreBluetooth.framework; path = System/Library/Frameworks/CoreBluetooth.framework; sourceTree = SDKROOT; };
		818E66D21CD8B086007A09C8 /* Fabric.framework */ = {isa = PBXFileReference; lastKnownFileType = wrapper.framework; path = Fabric.framework; sourceTree = "<group>"; };
		818E66D31CD8B086007A09C8 /* Crashlytics.framework */ = {isa = PBXFileReference; lastKnownFileType = wrapper.framework; path = Crashlytics.framework; sourceTree = "<group>"; };
/* End PBXFileReference section */

/* Begin PBXFrameworksBuildPhase section */
		8114A1021CD7DF6300C60419 /* Frameworks */ = {
			isa = PBXFrameworksBuildPhase;
			buildActionMask = 2147483647;
			files = (
				8114A11D1CD7E05E00C60419 /* CoreBluetooth.framework in Frameworks */,
				818E66D51CD8B086007A09C8 /* Crashlytics.framework in Frameworks */,
				818E66D41CD8B086007A09C8 /* Fabric.framework in Frameworks */,
			);
			runOnlyForDeploymentPostprocessing = 0;
		};
/* End PBXFrameworksBuildPhase section */

/* Begin PBXGroup section */
		8114A0FC1CD7DF6300C60419 = {
			isa = PBXGroup;
			children = (
				818E66D21CD8B086007A09C8 /* Fabric.framework */,
				818E66D31CD8B086007A09C8 /* Crashlytics.framework */,
				8114A11C1CD7E05E00C60419 /* CoreBluetooth.framework */,
				8114A1071CD7DF6300C60419 /* bluetooth-test */,
				8114A1061CD7DF6300C60419 /* Products */,
			);
			sourceTree = "<group>";
		};
		8114A1061CD7DF6300C60419 /* Products */ = {
			isa = PBXGroup;
			children = (
				8114A1051CD7DF6300C60419 /* bluetooth-test.app */,
			);
			name = Products;
			sourceTree = "<group>";
		};
		8114A1071CD7DF6300C60419 /* bluetooth-test */ = {
			isa = PBXGroup;
			children = (
				8114A1081CD7DF6300C60419 /* AppDelegate.swift */,
				8114A10A1CD7DF6300C60419 /* BTDevicesListViewController.swift */,
				8114A11A1CD7E03600C60419 /* BTDataModel.swift */,
				8114A10C1CD7DF6300C60419 /* Main.storyboard */,
				8114A10F1CD7DF6300C60419 /* Assets.xcassets */,
				8114A1111CD7DF6300C60419 /* LaunchScreen.storyboard */,
				8114A1141CD7DF6300C60419 /* Info.plist */,
			);
			path = "bluetooth-test";
			sourceTree = "<group>";
		};
/* End PBXGroup section */

/* Begin PBXNativeTarget section */
		8114A1041CD7DF6300C60419 /* bluetooth-test */ = {
			isa = PBXNativeTarget;
			buildConfigurationList = 8114A1171CD7DF6300C60419 /* Build configuration list for PBXNativeTarget "bluetooth-test" */;
			buildPhases = (
				8114A1011CD7DF6300C60419 /* Sources */,
				8114A1021CD7DF6300C60419 /* Frameworks */,
				8114A1031CD7DF6300C60419 /* Resources */,
				818E66D11CD8B061007A09C8 /* ShellScript */,
			);
			buildRules = (
			);
			dependencies = (
			);
			name = "bluetooth-test";
			productName = "bluetooth-test";
			productReference = 8114A1051CD7DF6300C60419 /* bluetooth-test.app */;
			productType = "com.apple.product-type.application";
		};
/* End PBXNativeTarget section */

/* Begin PBXProject section */
		8114A0FD1CD7DF6300C60419 /* Project object */ = {
			isa = PBXProject;
			attributes = {
				LastSwiftUpdateCheck = 0730;
				LastUpgradeCheck = 0730;
				ORGANIZATIONNAME = "Максим Мамедов";
				TargetAttributes = {
					8114A1041CD7DF6300C60419 = {
						CreatedOnToolsVersion = 7.3;
						SystemCapabilities = {
							com.apple.BackgroundModes = {
								enabled = 1;
							};
						};
					};
				};
			};
			buildConfigurationList = 8114A1001CD7DF6300C60419 /* Build configuration list for PBXProject "bluetooth-test" */;
			compatibilityVersion = "Xcode 3.2";
			developmentRegion = English;
			hasScannedForEncodings = 0;
			knownRegions = (
				en,
				Base,
			);
			mainGroup = 8114A0FC1CD7DF6300C60419;
			productRefGroup = 8114A1061CD7DF6300C60419 /* Products */;
			projectDirPath = "";
			projectRoot = "";
			targets = (
				8114A1041CD7DF6300C60419 /* bluetooth-test */,
			);
		};
/* End PBXProject section */

/* Begin PBXResourcesBuildPhase section */
		8114A1031CD7DF6300C60419 /* Resources */ = {
			isa = PBXResourcesBuildPhase;
			buildActionMask = 2147483647;
			files = (
				8114A1131CD7DF6300C60419 /* LaunchScreen.storyboard in Resources */,
				8114A1101CD7DF6300C60419 /* Assets.xcassets in Resources */,
				8114A10E1CD7DF6300C60419 /* Main.storyboard in Resources */,
			);
			runOnlyForDeploymentPostprocessing = 0;
		};
/* End PBXResourcesBuildPhase section */

/* Begin PBXShellScriptBuildPhase section */
		818E66D11CD8B061007A09C8 /* ShellScript */ = {
			isa = PBXShellScriptBuildPhase;
			buildActionMask = 2147483647;
			files = (
			);
			inputPaths = (
			);
			outputPaths = (
			);
			runOnlyForDeploymentPostprocessing = 0;
			shellPath = /bin/sh;
			shellScript = "./Fabric.framework/run 9da5b1d770dc9afadf6823e363e12ea2849e48c5 abf6e05f64f497d9c80daf1c99d5d1904ef5548ff0122dabfa82e478ba4a484e";
		};
/* End PBXShellScriptBuildPhase section */

/* Begin PBXSourcesBuildPhase section */
		8114A1011CD7DF6300C60419 /* Sources */ = {
			isa = PBXSourcesBuildPhase;
			buildActionMask = 2147483647;
			files = (
				8114A10B1CD7DF6300C60419 /* BTDevicesListViewController.swift in Sources */,
				8114A11B1CD7E03600C60419 /* BTDataModel.swift in Sources */,
				8114A1091CD7DF6300C60419 /* AppDelegate.swift in Sources */,
			);
			runOnlyForDeploymentPostprocessing = 0;
		};
/* End PBXSourcesBuildPhase section */

/* Begin PBXVariantGroup section */
		8114A10C1CD7DF6300C60419 /* Main.storyboard */ = {
			isa = PBXVariantGroup;
			children = (
				8114A10D1CD7DF6300C60419 /* Base */,
			);
			name = Main.storyboard;
			sourceTree = "<group>";
		};
		8114A1111CD7DF6300C60419 /* LaunchScreen.storyboard */ = {
			isa = PBXVariantGroup;
			children = (
				8114A1121CD7DF6300C60419 /* Base */,
			);
			name = LaunchScreen.storyboard;
			sourceTree = "<group>";
		};
/* End PBXVariantGroup section */

/* Begin XCBuildConfiguration section */
		8114A1151CD7DF6300C60419 /* Debug */ = {
			isa = XCBuildConfiguration;
			buildSettings = {
				ALWAYS_SEARCH_USER_PATHS = NO;
				CLANG_ANALYZER_NONNULL = YES;
				CLANG_CXX_LANGUAGE_STANDARD = "gnu++0x";
				CLANG_CXX_LIBRARY = "libc++";
				CLANG_ENABLE_MODULES = YES;
				CLANG_ENABLE_OBJC_ARC = YES;
				CLANG_WARN_BOOL_CONVERSION = YES;
				CLANG_WARN_CONSTANT_CONVERSION = YES;
				CLANG_WARN_DIRECT_OBJC_ISA_USAGE = YES_ERROR;
				CLANG_WARN_EMPTY_BODY = YES;
				CLANG_WARN_ENUM_CONVERSION = YES;
				CLANG_WARN_INT_CONVERSION = YES;
				CLANG_WARN_OBJC_ROOT_CLASS = YES_ERROR;
				CLANG_WARN_UNREACHABLE_CODE = YES;
				CLANG_WARN__DUPLICATE_METHOD_MATCH = YES;
				"CODE_SIGN_IDENTITY[sdk=iphoneos*]" = "iPhone Developer";
				COPY_PHASE_STRIP = NO;
				DEBUG_INFORMATION_FORMAT = dwarf;
				ENABLE_STRICT_OBJC_MSGSEND = YES;
				ENABLE_TESTABILITY = YES;
				GCC_C_LANGUAGE_STANDARD = gnu99;
				GCC_DYNAMIC_NO_PIC = NO;
				GCC_NO_COMMON_BLOCKS = YES;
				GCC_OPTIMIZATION_LEVEL = 0;
				GCC_PREPROCESSOR_DEFINITIONS = (
					"DEBUG=1",
					"$(inherited)",
				);
				GCC_WARN_64_TO_32_BIT_CONVERSION = YES;
				GCC_WARN_ABOUT_RETURN_TYPE = YES_ERROR;
				GCC_WARN_UNDECLARED_SELECTOR = YES;
				GCC_WARN_UNINITIALIZED_AUTOS = YES_AGGRESSIVE;
				GCC_WARN_UNUSED_FUNCTION = YES;
				GCC_WARN_UNUSED_VARIABLE = YES;
				IPHONEOS_DEPLOYMENT_TARGET = 9.3;
				MTL_ENABLE_DEBUG_INFO = YES;
				ONLY_ACTIVE_ARCH = YES;
				SDKROOT = iphoneos;
				SWIFT_OPTIMIZATION_LEVEL = "-Onone";
				TARGETED_DEVICE_FAMILY = "1,2";
			};
			name = Debug;
		};
		8114A1161CD7DF6300C60419 /* Release */ = {
			isa = XCBuildConfiguration;
			buildSettings = {
				ALWAYS_SEARCH_USER_PATHS = NO;
				CLANG_ANALYZER_NONNULL = YES;
				CLANG_CXX_LANGUAGE_STANDARD = "gnu++0x";
				CLANG_CXX_LIBRARY = "libc++";
				CLANG_ENABLE_MODULES = YES;
				CLANG_ENABLE_OBJC_ARC = YES;
				CLANG_WARN_BOOL_CONVERSION = YES;
				CLANG_WARN_CONSTANT_CONVERSION = YES;
				CLANG_WARN_DIRECT_OBJC_ISA_USAGE = YES_ERROR;
				CLANG_WARN_EMPTY_BODY = YES;
				CLANG_WARN_ENUM_CONVERSION = YES;
				CLANG_WARN_INT_CONVERSION = YES;
				CLANG_WARN_OBJC_ROOT_CLASS = YES_ERROR;
				CLANG_WARN_UNREACHABLE_CODE = YES;
				CLANG_WARN__DUPLICATE_METHOD_MATCH = YES;
				"CODE_SIGN_IDENTITY[sdk=iphoneos*]" = "iPhone Developer";
				COPY_PHASE_STRIP = NO;
				DEBUG_INFORMATION_FORMAT = "dwarf-with-dsym";
				ENABLE_NS_ASSERTIONS = NO;
				ENABLE_STRICT_OBJC_MSGSEND = YES;
				GCC_C_LANGUAGE_STANDARD = gnu99;
				GCC_NO_COMMON_BLOCKS = YES;
				GCC_WARN_64_TO_32_BIT_CONVERSION = YES;
				GCC_WARN_ABOUT_RETURN_TYPE = YES_ERROR;
				GCC_WARN_UNDECLARED_SELECTOR = YES;
				GCC_WARN_UNINITIALIZED_AUTOS = YES_AGGRESSIVE;
				GCC_WARN_UNUSED_FUNCTION = YES;
				GCC_WARN_UNUSED_VARIABLE = YES;
				IPHONEOS_DEPLOYMENT_TARGET = 9.3;
				MTL_ENABLE_DEBUG_INFO = NO;
				SDKROOT = iphoneos;
				TARGETED_DEVICE_FAMILY = "1,2";
				VALIDATE_PRODUCT = YES;
			};
			name = Release;
		};
		8114A1181CD7DF6300C60419 /* Debug */ = {
			isa = XCBuildConfiguration;
			buildSettings = {
				ASSETCATALOG_COMPILER_APPICON_NAME = AppIcon;
				CODE_SIGN_IDENTITY = "iPhone Developer: Maxim Mamedov (5GM8379Z8Q)";
				FRAMEWORK_SEARCH_PATHS = (
					"$(inherited)",
					"$(PROJECT_DIR)",
				);
				INFOPLIST_FILE = "bluetooth-test/Info.plist";
				LD_RUNPATH_SEARCH_PATHS = "$(inherited) @executable_path/Frameworks";
				PRODUCT_BUNDLE_IDENTIFIER = "ru.wearemad.bluetooth-test";
				PRODUCT_NAME = "$(TARGET_NAME)";
				PROVISIONING_PROFILE = "49e99b6b-e4d3-4bcf-8788-a9f27ca63354";
			};
			name = Debug;
		};
		8114A1191CD7DF6300C60419 /* Release */ = {
			isa = XCBuildConfiguration;
			buildSettings = {
				ASSETCATALOG_COMPILER_APPICON_NAME = AppIcon;
				CODE_SIGN_IDENTITY = "iPhone Developer: Maxim Mamedov (5GM8379Z8Q)";
				FRAMEWORK_SEARCH_PATHS = (
					"$(inherited)",
					"$(PROJECT_DIR)",
				);
				INFOPLIST_FILE = "bluetooth-test/Info.plist";
				LD_RUNPATH_SEARCH_PATHS = "$(inherited) @executable_path/Frameworks";
				PRODUCT_BUNDLE_IDENTIFIER = "ru.wearemad.bluetooth-test";
				PRODUCT_NAME = "$(TARGET_NAME)";
				PROVISIONING_PROFILE = "49e99b6b-e4d3-4bcf-8788-a9f27ca63354";
			};
			name = Release;
		};
/* End XCBuildConfiguration section */

/* Begin XCConfigurationList section */
		8114A1001CD7DF6300C60419 /* Build configuration list for PBXProject "bluetooth-test" */ = {
			isa = XCConfigurationList;
			buildConfigurations = (
				8114A1151CD7DF6300C60419 /* Debug */,
				8114A1161CD7DF6300C60419 /* Release */,
			);
			defaultConfigurationIsVisible = 0;
			defaultConfigurationName = Release;
		};
		8114A1171CD7DF6300C60419 /* Build configuration list for PBXNativeTarget "bluetooth-test" */ = {
			isa = XCConfigurationList;
			buildConfigurations = (
				8114A1181CD7DF6300C60419 /* Debug */,
				8114A1191CD7DF6300C60419 /* Release */,
			);
			defaultConfigurationIsVisible = 0;
			defaultConfigurationName = Release;
		};
/* End XCConfigurationList section */
	};
	rootObject = 8114A0FD1CD7DF6300C60419 /* Project object */;
}
